// !$*UTF8*$!
{
	archiveVersion = 1;
	classes = {
	};
	objectVersion = 77;
	objects = {

/* Begin PBXCopyFilesBuildPhase section */
		780A58482D74FDC0002EA54A /* CopyFiles */ = {
			isa = PBXCopyFilesBuildPhase;
			buildActionMask = 2147483647;
			dstPath = /usr/share/man/man1/;
			dstSubfolderSpec = 0;
			files = (
			);
			runOnlyForDeploymentPostprocessing = 1;
		};
		780A58532D750FFE002EA54A /* CopyFiles */ = {
			isa = PBXCopyFilesBuildPhase;
			buildActionMask = 2147483647;
			dstPath = /usr/share/man/man1/;
			dstSubfolderSpec = 0;
			files = (
			);
			runOnlyForDeploymentPostprocessing = 1;
		};
		78268CC52D4657CF0035E83D /* CopyFiles */ = {
			isa = PBXCopyFilesBuildPhase;
			buildActionMask = 2147483647;
			dstPath = /usr/share/man/man1/;
			dstSubfolderSpec = 0;
			files = (
			);
			runOnlyForDeploymentPostprocessing = 1;
		};
		78268CD22D4666820035E83D /* CopyFiles */ = {
			isa = PBXCopyFilesBuildPhase;
			buildActionMask = 2147483647;
			dstPath = /usr/share/man/man1/;
			dstSubfolderSpec = 0;
			files = (
			);
			runOnlyForDeploymentPostprocessing = 1;
		};
		78268CDD2D466B8F0035E83D /* CopyFiles */ = {
			isa = PBXCopyFilesBuildPhase;
			buildActionMask = 2147483647;
			dstPath = /usr/share/man/man1/;
			dstSubfolderSpec = 0;
			files = (
			);
			runOnlyForDeploymentPostprocessing = 1;
		};
		783647BB2D45967200E819C4 /* CopyFiles */ = {
			isa = PBXCopyFilesBuildPhase;
			buildActionMask = 2147483647;
			dstPath = /usr/share/man/man1/;
			dstSubfolderSpec = 0;
			files = (
			);
			runOnlyForDeploymentPostprocessing = 1;
		};
		7851A1A62D496994004D6249 /* CopyFiles */ = {
			isa = PBXCopyFilesBuildPhase;
			buildActionMask = 2147483647;
			dstPath = /usr/share/man/man1/;
			dstSubfolderSpec = 0;
			files = (
			);
			runOnlyForDeploymentPostprocessing = 1;
		};
/* End PBXCopyFilesBuildPhase section */

/* Begin PBXFileReference section */
		780A584A2D74FDC0002EA54A /* Delegates */ = {isa = PBXFileReference; explicitFileType = "compiled.mach-o.executable"; includeInIndex = 0; path = Delegates; sourceTree = BUILT_PRODUCTS_DIR; };
		780A58552D750FFE002EA54A /* MultiDelegates */ = {isa = PBXFileReference; explicitFileType = "compiled.mach-o.executable"; includeInIndex = 0; path = MultiDelegates; sourceTree = BUILT_PRODUCTS_DIR; };
		78268CC72D4657CF0035E83D /* VariablesAndConstants */ = {isa = PBXFileReference; explicitFileType = "compiled.mach-o.executable"; includeInIndex = 0; path = VariablesAndConstants; sourceTree = BUILT_PRODUCTS_DIR; };
		78268CD42D4666820035E83D /* OperatorsAndStrings */ = {isa = PBXFileReference; explicitFileType = "compiled.mach-o.executable"; includeInIndex = 0; path = OperatorsAndStrings; sourceTree = BUILT_PRODUCTS_DIR; };
		78268CDF2D466B8F0035E83D /* CollectionTypes */ = {isa = PBXFileReference; explicitFileType = "compiled.mach-o.executable"; includeInIndex = 0; path = CollectionTypes; sourceTree = BUILT_PRODUCTS_DIR; };
		783647BD2D45967200E819C4 /* SwiftDeepDive */ = {isa = PBXFileReference; explicitFileType = "compiled.mach-o.executable"; includeInIndex = 0; path = SwiftDeepDive; sourceTree = BUILT_PRODUCTS_DIR; };
		783647C92D4597C700E819C4 /* README.md */ = {isa = PBXFileReference; lastKnownFileType = net.daringfireball.markdown; path = README.md; sourceTree = "<group>"; };
		7851A1A82D496994004D6249 /* ControlFlowAndFunctions */ = {isa = PBXFileReference; explicitFileType = "compiled.mach-o.executable"; includeInIndex = 0; path = ControlFlowAndFunctions; sourceTree = BUILT_PRODUCTS_DIR; };
/* End PBXFileReference section */

/* Begin PBXFileSystemSynchronizedRootGroup section */
		780A584B2D74FDC0002EA54A /* Delegates */ = {
			isa = PBXFileSystemSynchronizedRootGroup;
			path = Delegates;
			sourceTree = "<group>";
		};
		780A58562D750FFE002EA54A /* MultiDelegates */ = {
			isa = PBXFileSystemSynchronizedRootGroup;
			path = MultiDelegates;
			sourceTree = "<group>";
		};
		78268CC82D4657CF0035E83D /* VariablesAndConstants */ = {
			isa = PBXFileSystemSynchronizedRootGroup;
			path = VariablesAndConstants;
			sourceTree = "<group>";
		};
		78268CD52D4666820035E83D /* OperatorsAndStrings */ = {
			isa = PBXFileSystemSynchronizedRootGroup;
			path = OperatorsAndStrings;
			sourceTree = "<group>";
		};
		78268CE02D466B8F0035E83D /* CollectionTypes */ = {
			isa = PBXFileSystemSynchronizedRootGroup;
			path = CollectionTypes;
			sourceTree = "<group>";
		};
		783647BF2D45967200E819C4 /* SwiftDeepDive */ = {
			isa = PBXFileSystemSynchronizedRootGroup;
			path = SwiftDeepDive;
			sourceTree = "<group>";
		};
		7851A1A92D496994004D6249 /* ControlFlowAndFunctions */ = {
			isa = PBXFileSystemSynchronizedRootGroup;
			path = ControlFlowAndFunctions;
			sourceTree = "<group>";
		};
/* End PBXFileSystemSynchronizedRootGroup section */

/* Begin PBXFrameworksBuildPhase section */
		780A58472D74FDC0002EA54A /* Frameworks */ = {
			isa = PBXFrameworksBuildPhase;
			buildActionMask = 2147483647;
			files = (
			);
			runOnlyForDeploymentPostprocessing = 0;
		};
		780A58522D750FFE002EA54A /* Frameworks */ = {
			isa = PBXFrameworksBuildPhase;
			buildActionMask = 2147483647;
			files = (
			);
			runOnlyForDeploymentPostprocessing = 0;
		};
		78268CC42D4657CF0035E83D /* Frameworks */ = {
			isa = PBXFrameworksBuildPhase;
			buildActionMask = 2147483647;
			files = (
			);
			runOnlyForDeploymentPostprocessing = 0;
		};
		78268CD12D4666820035E83D /* Frameworks */ = {
			isa = PBXFrameworksBuildPhase;
			buildActionMask = 2147483647;
			files = (
			);
			runOnlyForDeploymentPostprocessing = 0;
		};
		78268CDC2D466B8F0035E83D /* Frameworks */ = {
			isa = PBXFrameworksBuildPhase;
			buildActionMask = 2147483647;
			files = (
			);
			runOnlyForDeploymentPostprocessing = 0;
		};
		783647BA2D45967200E819C4 /* Frameworks */ = {
			isa = PBXFrameworksBuildPhase;
			buildActionMask = 2147483647;
			files = (
			);
			runOnlyForDeploymentPostprocessing = 0;
		};
		7851A1A52D496994004D6249 /* Frameworks */ = {
			isa = PBXFrameworksBuildPhase;
			buildActionMask = 2147483647;
			files = (
			);
			runOnlyForDeploymentPostprocessing = 0;
		};
/* End PBXFrameworksBuildPhase section */

/* Begin PBXGroup section */
		783647B42D45967200E819C4 = {
			isa = PBXGroup;
			children = (
				783647C92D4597C700E819C4 /* README.md */,
				783647BF2D45967200E819C4 /* SwiftDeepDive */,
				78268CC82D4657CF0035E83D /* VariablesAndConstants */,
				78268CD52D4666820035E83D /* OperatorsAndStrings */,
				78268CE02D466B8F0035E83D /* CollectionTypes */,
				7851A1A92D496994004D6249 /* ControlFlowAndFunctions */,
				780A584B2D74FDC0002EA54A /* Delegates */,
				780A58562D750FFE002EA54A /* MultiDelegates */,
				783647BE2D45967200E819C4 /* Products */,
			);
			sourceTree = "<group>";
		};
		783647BE2D45967200E819C4 /* Products */ = {
			isa = PBXGroup;
			children = (
				783647BD2D45967200E819C4 /* SwiftDeepDive */,
				78268CC72D4657CF0035E83D /* VariablesAndConstants */,
				78268CD42D4666820035E83D /* OperatorsAndStrings */,
				78268CDF2D466B8F0035E83D /* CollectionTypes */,
				7851A1A82D496994004D6249 /* ControlFlowAndFunctions */,
				780A584A2D74FDC0002EA54A /* Delegates */,
				780A58552D750FFE002EA54A /* MultiDelegates */,
			);
			name = Products;
			sourceTree = "<group>";
		};
/* End PBXGroup section */

/* Begin PBXNativeTarget section */
		780A58492D74FDC0002EA54A /* Delegates */ = {
			isa = PBXNativeTarget;
			buildConfigurationList = 780A58502D74FDC0002EA54A /* Build configuration list for PBXNativeTarget "Delegates" */;
			buildPhases = (
				780A58462D74FDC0002EA54A /* Sources */,
				780A58472D74FDC0002EA54A /* Frameworks */,
				780A58482D74FDC0002EA54A /* CopyFiles */,
			);
			buildRules = (
			);
			dependencies = (
			);
			fileSystemSynchronizedGroups = (
				780A584B2D74FDC0002EA54A /* Delegates */,
			);
			name = Delegates;
			packageProductDependencies = (
			);
			productName = Delegates;
			productReference = 780A584A2D74FDC0002EA54A /* Delegates */;
			productType = "com.apple.product-type.tool";
		};
		780A58542D750FFE002EA54A /* MultiDelegates */ = {
			isa = PBXNativeTarget;
			buildConfigurationList = 780A58592D750FFE002EA54A /* Build configuration list for PBXNativeTarget "MultiDelegates" */;
			buildPhases = (
				780A58512D750FFE002EA54A /* Sources */,
				780A58522D750FFE002EA54A /* Frameworks */,
				780A58532D750FFE002EA54A /* CopyFiles */,
			);
			buildRules = (
			);
			dependencies = (
			);
			fileSystemSynchronizedGroups = (
				780A58562D750FFE002EA54A /* MultiDelegates */,
			);
			name = MultiDelegates;
			packageProductDependencies = (
			);
			productName = MultiDelegates;
			productReference = 780A58552D750FFE002EA54A /* MultiDelegates */;
			productType = "com.apple.product-type.tool";
		};
		78268CC62D4657CF0035E83D /* VariablesAndConstants */ = {
			isa = PBXNativeTarget;
			buildConfigurationList = 78268CCB2D4657CF0035E83D /* Build configuration list for PBXNativeTarget "VariablesAndConstants" */;
			buildPhases = (
				78268CC32D4657CF0035E83D /* Sources */,
				78268CC42D4657CF0035E83D /* Frameworks */,
				78268CC52D4657CF0035E83D /* CopyFiles */,
			);
			buildRules = (
			);
			dependencies = (
			);
			fileSystemSynchronizedGroups = (
				78268CC82D4657CF0035E83D /* VariablesAndConstants */,
			);
			name = VariablesAndConstants;
			packageProductDependencies = (
			);
			productName = VariablesAndConstants;
			productReference = 78268CC72D4657CF0035E83D /* VariablesAndConstants */;
			productType = "com.apple.product-type.tool";
		};
		78268CD32D4666820035E83D /* OperatorsAndStrings */ = {
			isa = PBXNativeTarget;
			buildConfigurationList = 78268CD82D4666820035E83D /* Build configuration list for PBXNativeTarget "OperatorsAndStrings" */;
			buildPhases = (
				78268CD02D4666820035E83D /* Sources */,
				78268CD12D4666820035E83D /* Frameworks */,
				78268CD22D4666820035E83D /* CopyFiles */,
			);
			buildRules = (
			);
			dependencies = (
			);
			fileSystemSynchronizedGroups = (
				78268CD52D4666820035E83D /* OperatorsAndStrings */,
			);
			name = OperatorsAndStrings;
			packageProductDependencies = (
			);
			productName = OperatorsAndStrings;
			productReference = 78268CD42D4666820035E83D /* OperatorsAndStrings */;
			productType = "com.apple.product-type.tool";
		};
		78268CDE2D466B8F0035E83D /* CollectionTypes */ = {
			isa = PBXNativeTarget;
			buildConfigurationList = 78268CE32D466B8F0035E83D /* Build configuration list for PBXNativeTarget "CollectionTypes" */;
			buildPhases = (
				78268CDB2D466B8F0035E83D /* Sources */,
				78268CDC2D466B8F0035E83D /* Frameworks */,
				78268CDD2D466B8F0035E83D /* CopyFiles */,
			);
			buildRules = (
			);
			dependencies = (
			);
			fileSystemSynchronizedGroups = (
				78268CE02D466B8F0035E83D /* CollectionTypes */,
			);
			name = CollectionTypes;
			packageProductDependencies = (
			);
			productName = CollectionTypes;
			productReference = 78268CDF2D466B8F0035E83D /* CollectionTypes */;
			productType = "com.apple.product-type.tool";
		};
		783647BC2D45967200E819C4 /* SwiftDeepDive */ = {
			isa = PBXNativeTarget;
			buildConfigurationList = 783647C42D45967200E819C4 /* Build configuration list for PBXNativeTarget "SwiftDeepDive" */;
			buildPhases = (
				783647B92D45967200E819C4 /* Sources */,
				783647BA2D45967200E819C4 /* Frameworks */,
				783647BB2D45967200E819C4 /* CopyFiles */,
			);
			buildRules = (
			);
			dependencies = (
			);
			fileSystemSynchronizedGroups = (
				783647BF2D45967200E819C4 /* SwiftDeepDive */,
			);
			name = SwiftDeepDive;
			packageProductDependencies = (
			);
			productName = SwiftDeepDive;
			productReference = 783647BD2D45967200E819C4 /* SwiftDeepDive */;
			productType = "com.apple.product-type.tool";
		};
		7851A1A72D496994004D6249 /* ControlFlowAndFunctions */ = {
			isa = PBXNativeTarget;
			buildConfigurationList = 7851A1AE2D496994004D6249 /* Build configuration list for PBXNativeTarget "ControlFlowAndFunctions" */;
			buildPhases = (
				7851A1A42D496994004D6249 /* Sources */,
				7851A1A52D496994004D6249 /* Frameworks */,
				7851A1A62D496994004D6249 /* CopyFiles */,
			);
			buildRules = (
			);
			dependencies = (
			);
			fileSystemSynchronizedGroups = (
				7851A1A92D496994004D6249 /* ControlFlowAndFunctions */,
			);
			name = ControlFlowAndFunctions;
			packageProductDependencies = (
			);
			productName = ControlFlowAndFunctions;
			productReference = 7851A1A82D496994004D6249 /* ControlFlowAndFunctions */;
			productType = "com.apple.product-type.tool";
		};
/* End PBXNativeTarget section */

/* Begin PBXProject section */
		783647B52D45967200E819C4 /* Project object */ = {
			isa = PBXProject;
			attributes = {
				BuildIndependentTargetsInParallel = 1;
				LastSwiftUpdateCheck = 1620;
				LastUpgradeCheck = 1620;
				TargetAttributes = {
					780A58492D74FDC0002EA54A = {
						CreatedOnToolsVersion = 16.2;
					};
					780A58542D750FFE002EA54A = {
						CreatedOnToolsVersion = 16.2;
					};
					78268CC62D4657CF0035E83D = {
						CreatedOnToolsVersion = 16.2;
					};
					78268CD32D4666820035E83D = {
						CreatedOnToolsVersion = 16.2;
					};
					78268CDE2D466B8F0035E83D = {
						CreatedOnToolsVersion = 16.2;
					};
					783647BC2D45967200E819C4 = {
						CreatedOnToolsVersion = 16.2;
					};
					7851A1A72D496994004D6249 = {
						CreatedOnToolsVersion = 16.2;
					};
				};
			};
			buildConfigurationList = 783647B82D45967200E819C4 /* Build configuration list for PBXProject "SwiftDeepDive" */;
			developmentRegion = en;
			hasScannedForEncodings = 0;
			knownRegions = (
				en,
				Base,
			);
			mainGroup = 783647B42D45967200E819C4;
			minimizedProjectReferenceProxies = 1;
			preferredProjectObjectVersion = 77;
			productRefGroup = 783647BE2D45967200E819C4 /* Products */;
			projectDirPath = "";
			projectRoot = "";
			targets = (
				783647BC2D45967200E819C4 /* SwiftDeepDive */,
				78268CC62D4657CF0035E83D /* VariablesAndConstants */,
				78268CD32D4666820035E83D /* OperatorsAndStrings */,
				78268CDE2D466B8F0035E83D /* CollectionTypes */,
				7851A1A72D496994004D6249 /* ControlFlowAndFunctions */,
				780A58492D74FDC0002EA54A /* Delegates */,
				780A58542D750FFE002EA54A /* MultiDelegates */,
			);
		};
/* End PBXProject section */

/* Begin PBXSourcesBuildPhase section */
		780A58462D74FDC0002EA54A /* Sources */ = {
			isa = PBXSourcesBuildPhase;
			buildActionMask = 2147483647;
			files = (
			);
			runOnlyForDeploymentPostprocessing = 0;
		};
		780A58512D750FFE002EA54A /* Sources */ = {
			isa = PBXSourcesBuildPhase;
			buildActionMask = 2147483647;
			files = (
			);
			runOnlyForDeploymentPostprocessing = 0;
		};
		78268CC32D4657CF0035E83D /* Sources */ = {
			isa = PBXSourcesBuildPhase;
			buildActionMask = 2147483647;
			files = (
			);
			runOnlyForDeploymentPostprocessing = 0;
		};
		78268CD02D4666820035E83D /* Sources */ = {
			isa = PBXSourcesBuildPhase;
			buildActionMask = 2147483647;
			files = (
			);
			runOnlyForDeploymentPostprocessing = 0;
		};
		78268CDB2D466B8F0035E83D /* Sources */ = {
			isa = PBXSourcesBuildPhase;
			buildActionMask = 2147483647;
			files = (
			);
			runOnlyForDeploymentPostprocessing = 0;
		};
		783647B92D45967200E819C4 /* Sources */ = {
			isa = PBXSourcesBuildPhase;
			buildActionMask = 2147483647;
			files = (
			);
			runOnlyForDeploymentPostprocessing = 0;
		};
		7851A1A42D496994004D6249 /* Sources */ = {
			isa = PBXSourcesBuildPhase;
			buildActionMask = 2147483647;
			files = (
			);
			runOnlyForDeploymentPostprocessing = 0;
		};
/* End PBXSourcesBuildPhase section */

/* Begin XCBuildConfiguration section */
		780A584E2D74FDC0002EA54A /* Debug */ = {
			isa = XCBuildConfiguration;
			buildSettings = {
				CODE_SIGN_STYLE = Automatic;
				DEVELOPMENT_TEAM = NXVR93RP55;
				ENABLE_HARDENED_RUNTIME = YES;
				PRODUCT_NAME = "$(TARGET_NAME)";
				SWIFT_VERSION = 5.0;
			};
			name = Debug;
		};
		780A584F2D74FDC0002EA54A /* Release */ = {
			isa = XCBuildConfiguration;
			buildSettings = {
				CODE_SIGN_STYLE = Automatic;
				DEVELOPMENT_TEAM = NXVR93RP55;
				ENABLE_HARDENED_RUNTIME = YES;
				PRODUCT_NAME = "$(TARGET_NAME)";
				SWIFT_VERSION = 5.0;
			};
			name = Release;
		};
		780A585A2D750FFE002EA54A /* Debug */ = {
			isa = XCBuildConfiguration;
			buildSettings = {
				CODE_SIGN_STYLE = Automatic;
				DEVELOPMENT_TEAM = NXVR93RP55;
				ENABLE_HARDENED_RUNTIME = YES;
				PRODUCT_NAME = "$(TARGET_NAME)";
				SWIFT_VERSION = 5.0;
			};
			name = Debug;
		};
		780A585B2D750FFE002EA54A /* Release */ = {
			isa = XCBuildConfiguration;
			buildSettings = {
				CODE_SIGN_STYLE = Automatic;
				DEVELOPMENT_TEAM = NXVR93RP55;
				ENABLE_HARDENED_RUNTIME = YES;
				PRODUCT_NAME = "$(TARGET_NAME)";
				SWIFT_VERSION = 5.0;
			};
			name = Release;
		};
		78268CCC2D4657CF0035E83D /* Debug */ = {
			isa = XCBuildConfiguration;
			buildSettings = {
				CODE_SIGN_STYLE = Automatic;
				DEVELOPMENT_TEAM = NXVR93RP55;
				ENABLE_HARDENED_RUNTIME = YES;
				PRODUCT_NAME = "$(TARGET_NAME)";
				SWIFT_VERSION = 5.0;
			};
			name = Debug;
		};
		78268CCD2D4657CF0035E83D /* Release */ = {
			isa = XCBuildConfiguration;
			buildSettings = {
				CODE_SIGN_STYLE = Automatic;
				DEVELOPMENT_TEAM = NXVR93RP55;
				ENABLE_HARDENED_RUNTIME = YES;
				PRODUCT_NAME = "$(TARGET_NAME)";
				SWIFT_VERSION = 5.0;
			};
			name = Release;
		};
		78268CD92D4666820035E83D /* Debug */ = {
			isa = XCBuildConfiguration;
			buildSettings = {
				CODE_SIGN_STYLE = Automatic;
				DEVELOPMENT_TEAM = NXVR93RP55;
				ENABLE_HARDENED_RUNTIME = YES;
				PRODUCT_NAME = "$(TARGET_NAME)";
				SWIFT_VERSION = 5.0;
			};
			name = Debug;
		};
		78268CDA2D4666820035E83D /* Release */ = {
			isa = XCBuildConfiguration;
			buildSettings = {
				CODE_SIGN_STYLE = Automatic;
				DEVELOPMENT_TEAM = NXVR93RP55;
				ENABLE_HARDENED_RUNTIME = YES;
				PRODUCT_NAME = "$(TARGET_NAME)";
				SWIFT_VERSION = 5.0;
			};
			name = Release;
		};
		78268CE42D466B8F0035E83D /* Debug */ = {
			isa = XCBuildConfiguration;
			buildSettings = {
				CODE_SIGN_STYLE = Automatic;
				DEVELOPMENT_TEAM = NXVR93RP55;
				ENABLE_HARDENED_RUNTIME = YES;
				PRODUCT_NAME = "$(TARGET_NAME)";
				SWIFT_VERSION = 5.0;
			};
			name = Debug;
		};
		78268CE52D466B8F0035E83D /* Release */ = {
			isa = XCBuildConfiguration;
			buildSettings = {
				CODE_SIGN_STYLE = Automatic;
				DEVELOPMENT_TEAM = NXVR93RP55;
				ENABLE_HARDENED_RUNTIME = YES;
				PRODUCT_NAME = "$(TARGET_NAME)";
				SWIFT_VERSION = 5.0;
			};
			name = Release;
		};
		783647C22D45967200E819C4 /* Debug */ = {
			isa = XCBuildConfiguration;
			buildSettings = {
				ALWAYS_SEARCH_USER_PATHS = NO;
				ASSETCATALOG_COMPILER_GENERATE_SWIFT_ASSET_SYMBOL_EXTENSIONS = YES;
				CLANG_ANALYZER_NONNULL = YES;
				CLANG_ANALYZER_NUMBER_OBJECT_CONVERSION = YES_AGGRESSIVE;
				CLANG_CXX_LANGUAGE_STANDARD = "gnu++20";
				CLANG_ENABLE_MODULES = YES;
				CLANG_ENABLE_OBJC_ARC = YES;
				CLANG_ENABLE_OBJC_WEAK = YES;
				CLANG_WARN_BLOCK_CAPTURE_AUTORELEASING = YES;
				CLANG_WARN_BOOL_CONVERSION = YES;
				CLANG_WARN_COMMA = YES;
				CLANG_WARN_CONSTANT_CONVERSION = YES;
				CLANG_WARN_DEPRECATED_OBJC_IMPLEMENTATIONS = YES;
				CLANG_WARN_DIRECT_OBJC_ISA_USAGE = YES_ERROR;
				CLANG_WARN_DOCUMENTATION_COMMENTS = YES;
				CLANG_WARN_EMPTY_BODY = YES;
				CLANG_WARN_ENUM_CONVERSION = YES;
				CLANG_WARN_INFINITE_RECURSION = YES;
				CLANG_WARN_INT_CONVERSION = YES;
				CLANG_WARN_NON_LITERAL_NULL_CONVERSION = YES;
				CLANG_WARN_OBJC_IMPLICIT_RETAIN_SELF = YES;
				CLANG_WARN_OBJC_LITERAL_CONVERSION = YES;
				CLANG_WARN_OBJC_ROOT_CLASS = YES_ERROR;
				CLANG_WARN_QUOTED_INCLUDE_IN_FRAMEWORK_HEADER = YES;
				CLANG_WARN_RANGE_LOOP_ANALYSIS = YES;
				CLANG_WARN_STRICT_PROTOTYPES = YES;
				CLANG_WARN_SUSPICIOUS_MOVE = YES;
				CLANG_WARN_UNGUARDED_AVAILABILITY = YES_AGGRESSIVE;
				CLANG_WARN_UNREACHABLE_CODE = YES;
				CLANG_WARN__DUPLICATE_METHOD_MATCH = YES;
				COPY_PHASE_STRIP = NO;
				DEBUG_INFORMATION_FORMAT = dwarf;
				ENABLE_STRICT_OBJC_MSGSEND = YES;
				ENABLE_TESTABILITY = YES;
				ENABLE_USER_SCRIPT_SANDBOXING = YES;
				GCC_C_LANGUAGE_STANDARD = gnu17;
				GCC_DYNAMIC_NO_PIC = NO;
				GCC_NO_COMMON_BLOCKS = YES;
				GCC_OPTIMIZATION_LEVEL = 0;
				GCC_PREPROCESSOR_DEFINITIONS = (
					"DEBUG=1",
					"$(inherited)",
				);
				GCC_WARN_64_TO_32_BIT_CONVERSION = YES;
				GCC_WARN_ABOUT_RETURN_TYPE = YES_ERROR;
				GCC_WARN_UNDECLARED_SELECTOR = YES;
				GCC_WARN_UNINITIALIZED_AUTOS = YES_AGGRESSIVE;
				GCC_WARN_UNUSED_FUNCTION = YES;
				GCC_WARN_UNUSED_VARIABLE = YES;
				LOCALIZATION_PREFERS_STRING_CATALOGS = YES;
				MACOSX_DEPLOYMENT_TARGET = 15.2;
				MTL_ENABLE_DEBUG_INFO = INCLUDE_SOURCE;
				MTL_FAST_MATH = YES;
				ONLY_ACTIVE_ARCH = YES;
				SDKROOT = macosx;
				SWIFT_ACTIVE_COMPILATION_CONDITIONS = "DEBUG $(inherited)";
				SWIFT_OPTIMIZATION_LEVEL = "-Onone";
			};
			name = Debug;
		};
		783647C32D45967200E819C4 /* Release */ = {
			isa = XCBuildConfiguration;
			buildSettings = {
				ALWAYS_SEARCH_USER_PATHS = NO;
				ASSETCATALOG_COMPILER_GENERATE_SWIFT_ASSET_SYMBOL_EXTENSIONS = YES;
				CLANG_ANALYZER_NONNULL = YES;
				CLANG_ANALYZER_NUMBER_OBJECT_CONVERSION = YES_AGGRESSIVE;
				CLANG_CXX_LANGUAGE_STANDARD = "gnu++20";
				CLANG_ENABLE_MODULES = YES;
				CLANG_ENABLE_OBJC_ARC = YES;
				CLANG_ENABLE_OBJC_WEAK = YES;
				CLANG_WARN_BLOCK_CAPTURE_AUTORELEASING = YES;
				CLANG_WARN_BOOL_CONVERSION = YES;
				CLANG_WARN_COMMA = YES;
				CLANG_WARN_CONSTANT_CONVERSION = YES;
				CLANG_WARN_DEPRECATED_OBJC_IMPLEMENTATIONS = YES;
				CLANG_WARN_DIRECT_OBJC_ISA_USAGE = YES_ERROR;
				CLANG_WARN_DOCUMENTATION_COMMENTS = YES;
				CLANG_WARN_EMPTY_BODY = YES;
				CLANG_WARN_ENUM_CONVERSION = YES;
				CLANG_WARN_INFINITE_RECURSION = YES;
				CLANG_WARN_INT_CONVERSION = YES;
				CLANG_WARN_NON_LITERAL_NULL_CONVERSION = YES;
				CLANG_WARN_OBJC_IMPLICIT_RETAIN_SELF = YES;
				CLANG_WARN_OBJC_LITERAL_CONVERSION = YES;
				CLANG_WARN_OBJC_ROOT_CLASS = YES_ERROR;
				CLANG_WARN_QUOTED_INCLUDE_IN_FRAMEWORK_HEADER = YES;
				CLANG_WARN_RANGE_LOOP_ANALYSIS = YES;
				CLANG_WARN_STRICT_PROTOTYPES = YES;
				CLANG_WARN_SUSPICIOUS_MOVE = YES;
				CLANG_WARN_UNGUARDED_AVAILABILITY = YES_AGGRESSIVE;
				CLANG_WARN_UNREACHABLE_CODE = YES;
				CLANG_WARN__DUPLICATE_METHOD_MATCH = YES;
				COPY_PHASE_STRIP = NO;
				DEBUG_INFORMATION_FORMAT = "dwarf-with-dsym";
				ENABLE_NS_ASSERTIONS = NO;
				ENABLE_STRICT_OBJC_MSGSEND = YES;
				ENABLE_USER_SCRIPT_SANDBOXING = YES;
				GCC_C_LANGUAGE_STANDARD = gnu17;
				GCC_NO_COMMON_BLOCKS = YES;
				GCC_WARN_64_TO_32_BIT_CONVERSION = YES;
				GCC_WARN_ABOUT_RETURN_TYPE = YES_ERROR;
				GCC_WARN_UNDECLARED_SELECTOR = YES;
				GCC_WARN_UNINITIALIZED_AUTOS = YES_AGGRESSIVE;
				GCC_WARN_UNUSED_FUNCTION = YES;
				GCC_WARN_UNUSED_VARIABLE = YES;
				LOCALIZATION_PREFERS_STRING_CATALOGS = YES;
				MACOSX_DEPLOYMENT_TARGET = 15.2;
				MTL_ENABLE_DEBUG_INFO = NO;
				MTL_FAST_MATH = YES;
				SDKROOT = macosx;
				SWIFT_COMPILATION_MODE = wholemodule;
			};
			name = Release;
		};
		783647C52D45967200E819C4 /* Debug */ = {
			isa = XCBuildConfiguration;
			buildSettings = {
				CODE_SIGN_STYLE = Automatic;
				DEVELOPMENT_TEAM = NXVR93RP55;
				ENABLE_HARDENED_RUNTIME = YES;
				PRODUCT_NAME = "$(TARGET_NAME)";
				SWIFT_VERSION = 5.0;
			};
			name = Debug;
		};
		783647C62D45967200E819C4 /* Release */ = {
			isa = XCBuildConfiguration;
			buildSettings = {
				CODE_SIGN_STYLE = Automatic;
				DEVELOPMENT_TEAM = NXVR93RP55;
				ENABLE_HARDENED_RUNTIME = YES;
				PRODUCT_NAME = "$(TARGET_NAME)";
				SWIFT_VERSION = 5.0;
			};
			name = Release;
		};
		7851A1AC2D496994004D6249 /* Debug */ = {
			isa = XCBuildConfiguration;
			buildSettings = {
				CODE_SIGN_STYLE = Automatic;
				DEVELOPMENT_TEAM = NXVR93RP55;
				ENABLE_HARDENED_RUNTIME = YES;
				PRODUCT_NAME = "$(TARGET_NAME)";
				SWIFT_VERSION = 5.0;
			};
			name = Debug;
		};
		7851A1AD2D496994004D6249 /* Release */ = {
			isa = XCBuildConfiguration;
			buildSettings = {
				CODE_SIGN_STYLE = Automatic;
				DEVELOPMENT_TEAM = NXVR93RP55;
				ENABLE_HARDENED_RUNTIME = YES;
				PRODUCT_NAME = "$(TARGET_NAME)";
				SWIFT_VERSION = 5.0;
			};
			name = Release;
		};
/* End XCBuildConfiguration section */

/* Begin XCConfigurationList section */
		780A58502D74FDC0002EA54A /* Build configuration list for PBXNativeTarget "Delegates" */ = {
			isa = XCConfigurationList;
			buildConfigurations = (
				780A584E2D74FDC0002EA54A /* Debug */,
				780A584F2D74FDC0002EA54A /* Release */,
			);
			defaultConfigurationIsVisible = 0;
			defaultConfigurationName = Release;
		};
		780A58592D750FFE002EA54A /* Build configuration list for PBXNativeTarget "MultiDelegates" */ = {
			isa = XCConfigurationList;
			buildConfigurations = (
				780A585A2D750FFE002EA54A /* Debug */,
				780A585B2D750FFE002EA54A /* Release */,
			);
			defaultConfigurationIsVisible = 0;
			defaultConfigurationName = Release;
		};
		78268CCB2D4657CF0035E83D /* Build configuration list for PBXNativeTarget "VariablesAndConstants" */ = {
			isa = XCConfigurationList;
			buildConfigurations = (
				78268CCC2D4657CF0035E83D /* Debug */,
				78268CCD2D4657CF0035E83D /* Release */,
			);
			defaultConfigurationIsVisible = 0;
			defaultConfigurationName = Release;
		};
		78268CD82D4666820035E83D /* Build configuration list for PBXNativeTarget "OperatorsAndStrings" */ = {
			isa = XCConfigurationList;
			buildConfigurations = (
				78268CD92D4666820035E83D /* Debug */,
				78268CDA2D4666820035E83D /* Release */,
			);
			defaultConfigurationIsVisible = 0;
			defaultConfigurationName = Release;
		};
		78268CE32D466B8F0035E83D /* Build configuration list for PBXNativeTarget "CollectionTypes" */ = {
			isa = XCConfigurationList;
			buildConfigurations = (
				78268CE42D466B8F0035E83D /* Debug */,
				78268CE52D466B8F0035E83D /* Release */,
			);
			defaultConfigurationIsVisible = 0;
			defaultConfigurationName = Release;
		};
		783647B82D45967200E819C4 /* Build configuration list for PBXProject "SwiftDeepDive" */ = {
			isa = XCConfigurationList;
			buildConfigurations = (
				783647C22D45967200E819C4 /* Debug */,
				783647C32D45967200E819C4 /* Release */,
			);
			defaultConfigurationIsVisible = 0;
			defaultConfigurationName = Release;
		};
		783647C42D45967200E819C4 /* Build configuration list for PBXNativeTarget "SwiftDeepDive" */ = {
			isa = XCConfigurationList;
			buildConfigurations = (
				783647C52D45967200E819C4 /* Debug */,
				783647C62D45967200E819C4 /* Release */,
			);
			defaultConfigurationIsVisible = 0;
			defaultConfigurationName = Release;
		};
		7851A1AE2D496994004D6249 /* Build configuration list for PBXNativeTarget "ControlFlowAndFunctions" */ = {
			isa = XCConfigurationList;
			buildConfigurations = (
				7851A1AC2D496994004D6249 /* Debug */,
				7851A1AD2D496994004D6249 /* Release */,
			);
			defaultConfigurationIsVisible = 0;
			defaultConfigurationName = Release;
		};
/* End XCConfigurationList section */
	};
	rootObject = 783647B52D45967200E819C4 /* Project object */;
}
